{
  "name": "openssl",
  "lockfileVersion": 3,
  "requires": true,
  "packages": {
    "": {
      "dependencies": {
        "openssl": "^2.0.0",
        "sm-crypto": "^0.3.12"
      }
    },
    "node_modules/jsbn": {
      "version": "1.1.0",
      "resolved": "https://registry.npmjs.org/jsbn/-/jsbn-1.1.0.tgz",
      "integrity": "sha512-4bYVV3aAMtDTTu4+xsDYa6sy9GyJ69/amsu9sYF2zqjiEoZA5xJi3BrfX3uY+/IekIu7MwdObdbDWpoZdBv3/A=="
    },
    "node_modules/openssl": {
      "version": "2.0.0",
      "resolved": "https://registry.npmjs.org/openssl/-/openssl-2.0.0.tgz",
      "integrity": "sha512-0FgKhQ/e+XCtTTgn3qZO2g3y+Y3FC/LGvt77oObmMR4ZkZvsV1CuG/mMZClZgZqVKr0+tkemP+I3Uub4WXkHYw=="
    },
    "node_modules/sm-crypto": {
      "version": "0.3.12",
      "resolved": "https://registry.npmjs.org/sm-crypto/-/sm-crypto-0.3.12.tgz",
      "integrity": "sha512-272PBzB4PYaBdeGa41TH9ZlMGLPVRmS36Gs4FjmHwXIdihQypAbhhFWZTaa/3de69q2KfMme1M5O2W5+spAdrg==",
      "dependencies": {
        "jsbn": "^1.1.0"
      }
    }
  }
}
